
Microsoft Visual Studio Solution File, Format Version 12.00
# Visual Studio Version 17
VisualStudioVersion = 17.5.33516.290
MinimumVisualStudioVersion = 10.0.40219.1
Project("{FAE04EC0-301F-11D3-BF4B-00C04F79EFBC}") = "XUnitAssignment", "XUnitAssignment\XUnitAssignment.csproj", "{A5BE5942-7A72-4326-8BA7-976770A0A52F}"
EndProject
Project("{FAE04EC0-301F-11D3-BF4B-00C04F79EFBC}") = "Services", "Services\Services.csproj", "{19C3AA2E-9F11-4D2F-AAEE-FBB176DC9A8D}"
EndProject
Project("{FAE04EC0-301F-11D3-BF4B-00C04F79EFBC}") = "ServiceContracts", "ServiceContracts\ServiceContracts.csproj", "{7F43989F-7067-4687-83B9-9D84C37CD7F8}"
EndProject
Project("{FAE04EC0-301F-11D3-BF4B-00C04F79EFBC}") = "Entities", "Entities\Entities.csproj", "{9680C7A5-9B0F-4458-9924-AACFF30ECD51}"
EndProject
Project("{FAE04EC0-301F-11D3-BF4B-00C04F79EFBC}") = "Tests", "Tests\Tests.csproj", "{E8ECDF36-7FA6-412A-9CFD-1817D1DDA9D7}"
EndProject
Global
	GlobalSection(SolutionConfigurationPlatforms) = preSolution
		Debug|Any CPU = Debug|Any CPU
		Release|Any CPU = Release|Any CPU
	EndGlobalSection
	GlobalSection(ProjectConfigurationPlatforms) = postSolution
		{A5BE5942-7A72-4326-8BA7-976770A0A52F}.Debug|Any CPU.ActiveCfg = Debug|Any CPU
		{A5BE5942-7A72-4326-8BA7-976770A0A52F}.Debug|Any CPU.Build.0 = Debug|Any CPU
		{A5BE5942-7A72-4326-8BA7-976770A0A52F}.Release|Any CPU.ActiveCfg = Release|Any CPU
		{A5BE5942-7A72-4326-8BA7-976770A0A52F}.Release|Any CPU.Build.0 = Release|Any CPU
		{19C3AA2E-9F11-4D2F-AAEE-FBB176DC9A8D}.Debug|Any CPU.ActiveCfg = Debug|Any CPU
		{19C3AA2E-9F11-4D2F-AAEE-FBB176DC9A8D}.Debug|Any CPU.Build.0 = Debug|Any CPU
		{19C3AA2E-9F11-4D2F-AAEE-FBB176DC9A8D}.Release|Any CPU.ActiveCfg = Release|Any CPU
		{19C3AA2E-9F11-4D2F-AAEE-FBB176DC9A8D}.Release|Any CPU.Build.0 = Release|Any CPU
		{7F43989F-7067-4687-83B9-9D84C37CD7F8}.Debug|Any CPU.ActiveCfg = Debug|Any CPU
		{7F43989F-7067-4687-83B9-9D84C37CD7F8}.Debug|Any CPU.Build.0 = Debug|Any CPU
		{7F43989F-7067-4687-83B9-9D84C37CD7F8}.Release|Any CPU.ActiveCfg = Release|Any CPU
		{7F43989F-7067-4687-83B9-9D84C37CD7F8}.Release|Any CPU.Build.0 = Release|Any CPU
		{9680C7A5-9B0F-4458-9924-AACFF30ECD51}.Debug|Any CPU.ActiveCfg = Debug|Any CPU
		{9680C7A5-9B0F-4458-9924-AACFF30ECD51}.Debug|Any CPU.Build.0 = Debug|Any CPU
		{9680C7A5-9B0F-4458-9924-AACFF30ECD51}.Release|Any CPU.ActiveCfg = Release|Any CPU
		{9680C7A5-9B0F-4458-9924-AACFF30ECD51}.Release|Any CPU.Build.0 = Release|Any CPU
		{E8ECDF36-7FA6-412A-9CFD-1817D1DDA9D7}.Debug|Any CPU.ActiveCfg = Debug|Any CPU
		{E8ECDF36-7FA6-412A-9CFD-1817D1DDA9D7}.Debug|Any CPU.Build.0 = Debug|Any CPU
		{E8ECDF36-7FA6-412A-9CFD-1817D1DDA9D7}.Release|Any CPU.ActiveCfg = Release|Any CPU
		{E8ECDF36-7FA6-412A-9CFD-1817D1DDA9D7}.Release|Any CPU.Build.0 = Release|Any CPU
	EndGlobalSection
	GlobalSection(SolutionProperties) = preSolution
		HideSolutionNode = FALSE
	EndGlobalSection
	GlobalSection(ExtensibilityGlobals) = postSolution
		SolutionGuid = {369028A0-0F14-4502-BA07-E019B8F7A49E}
	EndGlobalSection
EndGlobal
